
Microsoft Visual Studio Solution File, Format Version 12.00
# Visual Studio 15
VisualStudioVersion = 15.0.34031.82
MinimumVisualStudioVersion = 10.0.40219.1
Project("{8BC9CEB8-8B4A-11D0-8D11-00A0C91BC942}") = "Project2.32", "Project2.32\Project2.32.vcxproj", "{8E4CA047-5775-43A0-89A5-4E57699DA3C5}"
EndProject
Global
	GlobalSection(SolutionConfigurationPlatforms) = preSolution
		Debug|x64 = Debug|x64
		Debug|x86 = Debug|x86
		Release|x64 = Release|x64
		Release|x86 = Release|x86
	EndGlobalSection
	GlobalSection(ProjectConfigurationPlatforms) = postSolution
		{8E4CA047-5775-43A0-89A5-4E57699DA3C5}.Debug|x64.ActiveCfg = Debug|x64
		{8E4CA047-5775-43A0-89A5-4E57699DA3C5}.Debug|x64.Build.0 = Debug|x64
		{8E4CA047-5775-43A0-89A5-4E57699DA3C5}.Debug|x86.ActiveCfg = Debug|Win32
		{8E4CA047-5775-43A0-89A5-4E57699DA3C5}.Debug|x86.Build.0 = Debug|Win32
		{8E4CA047-5775-43A0-89A5-4E57699DA3C5}.Release|x64.ActiveCfg = Release|x64
		{8E4CA047-5775-43A0-89A5-4E57699DA3C5}.Release|x64.Build.0 = Release|x64
		{8E4CA047-5775-43A0-89A5-4E57699DA3C5}.Release|x86.ActiveCfg = Release|Win32
		{8E4CA047-5775-43A0-89A5-4E57699DA3C5}.Release|x86.Build.0 = Release|Win32
	EndGlobalSection
	GlobalSection(SolutionProperties) = preSolution
		HideSolutionNode = FALSE
	EndGlobalSection
	GlobalSection(ExtensibilityGlobals) = postSolution
		SolutionGuid = {083A34F2-A956-4E15-9CFD-23DC184A1F41}
	EndGlobalSection
EndGlobal
