
Microsoft Visual Studio Solution File, Format Version 12.00
# Visual Studio 15
VisualStudioVersion = 15.0.34031.82
MinimumVisualStudioVersion = 10.0.40219.1
Project("{8BC9CEB8-8B4A-11D0-8D11-00A0C91BC942}") = "Project2.27", "Project2.27\Project2.27.vcxproj", "{F3D83D7E-FD0B-4688-ADAB-60DA4C8386A8}"
EndProject
Global
	GlobalSection(SolutionConfigurationPlatforms) = preSolution
		Debug|x64 = Debug|x64
		Debug|x86 = Debug|x86
		Release|x64 = Release|x64
		Release|x86 = Release|x86
	EndGlobalSection
	GlobalSection(ProjectConfigurationPlatforms) = postSolution
		{F3D83D7E-FD0B-4688-ADAB-60DA4C8386A8}.Debug|x64.ActiveCfg = Debug|x64
		{F3D83D7E-FD0B-4688-ADAB-60DA4C8386A8}.Debug|x64.Build.0 = Debug|x64
		{F3D83D7E-FD0B-4688-ADAB-60DA4C8386A8}.Debug|x86.ActiveCfg = Debug|Win32
		{F3D83D7E-FD0B-4688-ADAB-60DA4C8386A8}.Debug|x86.Build.0 = Debug|Win32
		{F3D83D7E-FD0B-4688-ADAB-60DA4C8386A8}.Release|x64.ActiveCfg = Release|x64
		{F3D83D7E-FD0B-4688-ADAB-60DA4C8386A8}.Release|x64.Build.0 = Release|x64
		{F3D83D7E-FD0B-4688-ADAB-60DA4C8386A8}.Release|x86.ActiveCfg = Release|Win32
		{F3D83D7E-FD0B-4688-ADAB-60DA4C8386A8}.Release|x86.Build.0 = Release|Win32
	EndGlobalSection
	GlobalSection(SolutionProperties) = preSolution
		HideSolutionNode = FALSE
	EndGlobalSection
	GlobalSection(ExtensibilityGlobals) = postSolution
		SolutionGuid = {3FDA6E5A-C4FF-47B3-A406-ED48CA866863}
	EndGlobalSection
EndGlobal
